// !$*UTF8*$!
{
	archiveVersion = 1;
	classes = {
	};
	objectVersion = 46;
	objects = {

/* Begin PBXBuildFile section */
		4261F6271BD819C300F98C3A /* AppDelegate.swift in Sources */ = {isa = PBXBuildFile; fileRef = 4261F6261BD819C300F98C3A /* AppDelegate.swift */; };
		4261F6291BD819C300F98C3A /* ViewController.swift in Sources */ = {isa = PBXBuildFile; fileRef = 4261F6281BD819C300F98C3A /* ViewController.swift */; };
		4261F62C1BD819C300F98C3A /* Main.storyboard in Resources */ = {isa = PBXBuildFile; fileRef = 4261F62A1BD819C300F98C3A /* Main.storyboard */; };
		4261F62E1BD819C300F98C3A /* Assets.xcassets in Resources */ = {isa = PBXBuildFile; fileRef = 4261F62D1BD819C300F98C3A /* Assets.xcassets */; };
		4261F6311BD819C300F98C3A /* LaunchScreen.storyboard in Resources */ = {isa = PBXBuildFile; fileRef = 4261F62F1BD819C300F98C3A /* LaunchScreen.storyboard */; };
		4261F63C1BD819C300F98C3A /* SuperCoolTests.swift in Sources */ = {isa = PBXBuildFile; fileRef = 4261F63B1BD819C300F98C3A /* SuperCoolTests.swift */; };
		4261F6471BD819C300F98C3A /* SuperCoolUITests.swift in Sources */ = {isa = PBXBuildFile; fileRef = 4261F6461BD819C300F98C3A /* SuperCoolUITests.swift */; };
/* End PBXBuildFile section */

/* Begin PBXContainerItemProxy section */
		4261F6381BD819C300F98C3A /* PBXContainerItemProxy */ = {
			isa = PBXContainerItemProxy;
			containerPortal = 4261F61B1BD819C300F98C3A /* Project object */;
			proxyType = 1;
			remoteGlobalIDString = 4261F6221BD819C300F98C3A;
			remoteInfo = SuperCool;
		};
		4261F6431BD819C300F98C3A /* PBXContainerItemProxy */ = {
			isa = PBXContainerItemProxy;
			containerPortal = 4261F61B1BD819C300F98C3A /* Project object */;
			proxyType = 1;
			remoteGlobalIDString = 4261F6221BD819C300F98C3A;
			remoteInfo = SuperCool;
		};
/* End PBXContainerItemProxy section */

/* Begin PBXFileReference section */
		4261F6231BD819C300F98C3A /* SuperCool.app */ = {isa = PBXFileReference; explicitFileType = wrapper.application; includeInIndex = 0; path = SuperCool.app; sourceTree = BUILT_PRODUCTS_DIR; };
		4261F6261BD819C300F98C3A /* AppDelegate.swift */ = {isa = PBXFileReference; lastKnownFileType = sourcecode.swift; path = AppDelegate.swift; sourceTree = "<group>"; };
		4261F6281BD819C300F98C3A /* ViewController.swift */ = {isa = PBXFileReference; lastKnownFileType = sourcecode.swift; path = ViewController.swift; sourceTree = "<group>"; };
		4261F62B1BD819C300F98C3A /* Base */ = {isa = PBXFileReference; lastKnownFileType = file.storyboard; name = Base; path = Base.lproj/Main.storyboard; sourceTree = "<group>"; };
		4261F62D1BD819C300F98C3A /* Assets.xcassets */ = {isa = PBXFileReference; lastKnownFileType = folder.assetcatalog; path = Assets.xcassets; sourceTree = "<group>"; };
		4261F6301BD819C300F98C3A /* Base */ = {isa = PBXFileReference; lastKnownFileType = file.storyboard; name = Base; path = Base.lproj/LaunchScreen.storyboard; sourceTree = "<group>"; };
		4261F6321BD819C300F98C3A /* Info.plist */ = {isa = PBXFileReference; lastKnownFileType = text.plist.xml; path = Info.plist; sourceTree = "<group>"; };
		4261F6371BD819C300F98C3A /* SuperCoolTests.xctest */ = {isa = PBXFileReference; explicitFileType = wrapper.cfbundle; includeInIndex = 0; path = SuperCoolTests.xctest; sourceTree = BUILT_PRODUCTS_DIR; };
		4261F63B1BD819C300F98C3A /* SuperCoolTests.swift */ = {isa = PBXFileReference; lastKnownFileType = sourcecode.swift; path = SuperCoolTests.swift; sourceTree = "<group>"; };
		4261F63D1BD819C300F98C3A /* Info.plist */ = {isa = PBXFileReference; lastKnownFileType = text.plist.xml; path = Info.plist; sourceTree = "<group>"; };
		4261F6421BD819C300F98C3A /* SuperCoolUITests.xctest */ = {isa = PBXFileReference; explicitFileType = wrapper.cfbundle; includeInIndex = 0; path = SuperCoolUITests.xctest; sourceTree = BUILT_PRODUCTS_DIR; };
		4261F6461BD819C300F98C3A /* SuperCoolUITests.swift */ = {isa = PBXFileReference; lastKnownFileType = sourcecode.swift; path = SuperCoolUITests.swift; sourceTree = "<group>"; };
		4261F6481BD819C300F98C3A /* Info.plist */ = {isa = PBXFileReference; lastKnownFileType = text.plist.xml; path = Info.plist; sourceTree = "<group>"; };
/* End PBXFileReference section */

/* Begin PBXFrameworksBuildPhase section */
		4261F6201BD819C300F98C3A /* Frameworks */ = {
			isa = PBXFrameworksBuildPhase;
			buildActionMask = 2147483647;
			files = (
			);
			runOnlyForDeploymentPostprocessing = 0;
		};
		4261F6341BD819C300F98C3A /* Frameworks */ = {
			isa = PBXFrameworksBuildPhase;
			buildActionMask = 2147483647;
			files = (
			);
			runOnlyForDeploymentPostprocessing = 0;
		};
		4261F63F1BD819C300F98C3A /* Frameworks */ = {
			isa = PBXFrameworksBuildPhase;
			buildActionMask = 2147483647;
			files = (
			);
			runOnlyForDeploymentPostprocessing = 0;
		};
/* End PBXFrameworksBuildPhase section */

/* Begin PBXGroup section */
		4261F61A1BD819C300F98C3A = {
			isa = PBXGroup;
			children = (
				4261F6251BD819C300F98C3A /* SuperCool */,
				4261F63A1BD819C300F98C3A /* SuperCoolTests */,
				4261F6451BD819C300F98C3A /* SuperCoolUITests */,
				4261F6241BD819C300F98C3A /* Products */,
			);
			sourceTree = "<group>";
		};
		4261F6241BD819C300F98C3A /* Products */ = {
			isa = PBXGroup;
			children = (
				4261F6231BD819C300F98C3A /* SuperCool.app */,
				4261F6371BD819C300F98C3A /* SuperCoolTests.xctest */,
				4261F6421BD819C300F98C3A /* SuperCoolUITests.xctest */,
			);
			name = Products;
			sourceTree = "<group>";
		};
		4261F6251BD819C300F98C3A /* SuperCool */ = {
			isa = PBXGroup;
			children = (
				4261F6261BD819C300F98C3A /* AppDelegate.swift */,
				4261F6281BD819C300F98C3A /* ViewController.swift */,
				4261F62A1BD819C300F98C3A /* Main.storyboard */,
				4261F62D1BD819C300F98C3A /* Assets.xcassets */,
				4261F62F1BD819C300F98C3A /* LaunchScreen.storyboard */,
				4261F6321BD819C300F98C3A /* Info.plist */,
			);
			path = SuperCool;
			sourceTree = "<group>";
		};
		4261F63A1BD819C300F98C3A /* SuperCoolTests */ = {
			isa = PBXGroup;
			children = (
				4261F63B1BD819C300F98C3A /* SuperCoolTests.swift */,
				4261F63D1BD819C300F98C3A /* Info.plist */,
			);
			path = SuperCoolTests;
			sourceTree = "<group>";
		};
		4261F6451BD819C300F98C3A /* SuperCoolUITests */ = {
			isa = PBXGroup;
			children = (
				4261F6461BD819C300F98C3A /* SuperCoolUITests.swift */,
				4261F6481BD819C300F98C3A /* Info.plist */,
			);
			path = SuperCoolUITests;
			sourceTree = "<group>";
		};
/* End PBXGroup section */

/* Begin PBXNativeTarget section */
		4261F6221BD819C300F98C3A /* SuperCool */ = {
			isa = PBXNativeTarget;
			buildConfigurationList = 4261F64B1BD819C300F98C3A /* Build configuration list for PBXNativeTarget "SuperCool" */;
			buildPhases = (
				4261F61F1BD819C300F98C3A /* Sources */,
				4261F6201BD819C300F98C3A /* Frameworks */,
				4261F6211BD819C300F98C3A /* Resources */,
			);
			buildRules = (
			);
			dependencies = (
			);
			name = SuperCool;
			productName = SuperCool;
			productReference = 4261F6231BD819C300F98C3A /* SuperCool.app */;
			productType = "com.apple.product-type.application";
		};
		4261F6361BD819C300F98C3A /* SuperCoolTests */ = {
			isa = PBXNativeTarget;
			buildConfigurationList = 4261F64E1BD819C300F98C3A /* Build configuration list for PBXNativeTarget "SuperCoolTests" */;
			buildPhases = (
				4261F6331BD819C300F98C3A /* Sources */,
				4261F6341BD819C300F98C3A /* Frameworks */,
				4261F6351BD819C300F98C3A /* Resources */,
			);
			buildRules = (
			);
			dependencies = (
				4261F6391BD819C300F98C3A /* PBXTargetDependency */,
			);
			name = SuperCoolTests;
			productName = SuperCoolTests;
			productReference = 4261F6371BD819C300F98C3A /* SuperCoolTests.xctest */;
			productType = "com.apple.product-type.bundle.unit-test";
		};
		4261F6411BD819C300F98C3A /* SuperCoolUITests */ = {
			isa = PBXNativeTarget;
			buildConfigurationList = 4261F6511BD819C300F98C3A /* Build configuration list for PBXNativeTarget "SuperCoolUITests" */;
			buildPhases = (
				4261F63E1BD819C300F98C3A /* Sources */,
				4261F63F1BD819C300F98C3A /* Frameworks */,
				4261F6401BD819C300F98C3A /* Resources */,
			);
			buildRules = (
			);
			dependencies = (
				4261F6441BD819C300F98C3A /* PBXTargetDependency */,
			);
			name = SuperCoolUITests;
			productName = SuperCoolUITests;
			productReference = 4261F6421BD819C300F98C3A /* SuperCoolUITests.xctest */;
			productType = "com.apple.product-type.bundle.ui-testing";
		};
/* End PBXNativeTarget section */

/* Begin PBXProject section */
		4261F61B1BD819C300F98C3A /* Project object */ = {
			isa = PBXProject;
			attributes = {
				LastUpgradeCheck = 0700;
				ORGANIZATIONNAME = "Stas Tsuprenko";
				TargetAttributes = {
					4261F6221BD819C300F98C3A = {
						CreatedOnToolsVersion = 7.0.1;
					};
					4261F6361BD819C300F98C3A = {
						CreatedOnToolsVersion = 7.0.1;
						TestTargetID = 4261F6221BD819C300F98C3A;
					};
					4261F6411BD819C300F98C3A = {
						CreatedOnToolsVersion = 7.0.1;
						TestTargetID = 4261F6221BD819C300F98C3A;
					};
				};
			};
			buildConfigurationList = 4261F61E1BD819C300F98C3A /* Build configuration list for PBXProject "SuperCool" */;
			compatibilityVersion = "Xcode 3.2";
			developmentRegion = English;
			hasScannedForEncodings = 0;
			knownRegions = (
				en,
				Base,
			);
			mainGroup = 4261F61A1BD819C300F98C3A;
			productRefGroup = 4261F6241BD819C300F98C3A /* Products */;
			projectDirPath = "";
			projectRoot = "";
			targets = (
				4261F6221BD819C300F98C3A /* SuperCool */,
				4261F6361BD819C300F98C3A /* SuperCoolTests */,
				4261F6411BD819C300F98C3A /* SuperCoolUITests */,
			);
		};
/* End PBXProject section */

/* Begin PBXResourcesBuildPhase section */
		4261F6211BD819C300F98C3A /* Resources */ = {
			isa = PBXResourcesBuildPhase;
			buildActionMask = 2147483647;
			files = (
				4261F6311BD819C300F98C3A /* LaunchScreen.storyboard in Resources */,
				4261F62E1BD819C300F98C3A /* Assets.xcassets in Resources */,
				4261F62C1BD819C300F98C3A /* Main.storyboard in Resources */,
			);
			runOnlyForDeploymentPostprocessing = 0;
		};
		4261F6351BD819C300F98C3A /* Resources */ = {
			isa = PBXResourcesBuildPhase;
			buildActionMask = 2147483647;
			files = (
			);
			runOnlyForDeploymentPostprocessing = 0;
		};
		4261F6401BD819C300F98C3A /* Resources */ = {
			isa = PBXResourcesBuildPhase;
			buildActionMask = 2147483647;
			files = (
			);
			runOnlyForDeploymentPostprocessing = 0;
		};
/* End PBXResourcesBuildPhase section */

/* Begin PBXSourcesBuildPhase section */
		4261F61F1BD819C300F98C3A /* Sources */ = {
			isa = PBXSourcesBuildPhase;
			buildActionMask = 2147483647;
			files = (
				4261F6291BD819C300F98C3A /* ViewController.swift in Sources */,
				4261F6271BD819C300F98C3A /* AppDelegate.swift in Sources */,
			);
			runOnlyForDeploymentPostprocessing = 0;
		};
		4261F6331BD819C300F98C3A /* Sources */ = {
			isa = PBXSourcesBuildPhase;
			buildActionMask = 2147483647;
			files = (
				4261F63C1BD819C300F98C3A /* SuperCoolTests.swift in Sources */,
			);
			runOnlyForDeploymentPostprocessing = 0;
		};
		4261F63E1BD819C300F98C3A /* Sources */ = {
			isa = PBXSourcesBuildPhase;
			buildActionMask = 2147483647;
			files = (
				4261F6471BD819C300F98C3A /* SuperCoolUITests.swift in Sources */,
			);
			runOnlyForDeploymentPostprocessing = 0;
		};
/* End PBXSourcesBuildPhase section */

/* Begin PBXTargetDependency section */
		4261F6391BD819C300F98C3A /* PBXTargetDependency */ = {
			isa = PBXTargetDependency;
			target = 4261F6221BD819C300F98C3A /* SuperCool */;
			targetProxy = 4261F6381BD819C300F98C3A /* PBXContainerItemProxy */;
		};
		4261F6441BD819C300F98C3A /* PBXTargetDependency */ = {
			isa = PBXTargetDependency;
			target = 4261F6221BD819C300F98C3A /* SuperCool */;
			targetProxy = 4261F6431BD819C300F98C3A /* PBXContainerItemProxy */;
		};
/* End PBXTargetDependency section */

/* Begin PBXVariantGroup section */
		4261F62A1BD819C300F98C3A /* Main.storyboard */ = {
			isa = PBXVariantGroup;
			children = (
				4261F62B1BD819C300F98C3A /* Base */,
			);
			name = Main.storyboard;
			sourceTree = "<group>";
		};
		4261F62F1BD819C300F98C3A /* LaunchScreen.storyboard */ = {
			isa = PBXVariantGroup;
			children = (
				4261F6301BD819C300F98C3A /* Base */,
			);
			name = LaunchScreen.storyboard;
			sourceTree = "<group>";
		};
/* End PBXVariantGroup section */

/* Begin XCBuildConfiguration section */
		4261F6491BD819C300F98C3A /* Debug */ = {
			isa = XCBuildConfiguration;
			buildSettings = {
				ALWAYS_SEARCH_USER_PATHS = NO;
				CLANG_CXX_LANGUAGE_STANDARD = "gnu++0x";
				CLANG_CXX_LIBRARY = "libc++";
				CLANG_ENABLE_MODULES = YES;
				CLANG_ENABLE_OBJC_ARC = YES;
				CLANG_WARN_BOOL_CONVERSION = YES;
				CLANG_WARN_CONSTANT_CONVERSION = YES;
				CLANG_WARN_DIRECT_OBJC_ISA_USAGE = YES_ERROR;
				CLANG_WARN_EMPTY_BODY = YES;
				CLANG_WARN_ENUM_CONVERSION = YES;
				CLANG_WARN_INT_CONVERSION = YES;
				CLANG_WARN_OBJC_ROOT_CLASS = YES_ERROR;
				CLANG_WARN_UNREACHABLE_CODE = YES;
				CLANG_WARN__DUPLICATE_METHOD_MATCH = YES;
				"CODE_SIGN_IDENTITY[sdk=iphoneos*]" = "iPhone Developer";
				COPY_PHASE_STRIP = NO;
				DEBUG_INFORMATION_FORMAT = dwarf;
				ENABLE_STRICT_OBJC_MSGSEND = YES;
				ENABLE_TESTABILITY = YES;
				GCC_C_LANGUAGE_STANDARD = gnu99;
				GCC_DYNAMIC_NO_PIC = NO;
				GCC_NO_COMMON_BLOCKS = YES;
				GCC_OPTIMIZATION_LEVEL = 0;
				GCC_PREPROCESSOR_DEFINITIONS = (
					"DEBUG=1",
					"$(inherited)",
				);
				GCC_WARN_64_TO_32_BIT_CONVERSION = YES;
				GCC_WARN_ABOUT_RETURN_TYPE = YES_ERROR;
				GCC_WARN_UNDECLARED_SELECTOR = YES;
				GCC_WARN_UNINITIALIZED_AUTOS = YES_AGGRESSIVE;
				GCC_WARN_UNUSED_FUNCTION = YES;
				GCC_WARN_UNUSED_VARIABLE = YES;
				IPHONEOS_DEPLOYMENT_TARGET = 9.0;
				MTL_ENABLE_DEBUG_INFO = YES;
				ONLY_ACTIVE_ARCH = YES;
				SDKROOT = iphoneos;
				SWIFT_OPTIMIZATION_LEVEL = "-Onone";
			};
			name = Debug;
		};
		4261F64A1BD819C300F98C3A /* Release */ = {
			isa = XCBuildConfiguration;
			buildSettings = {
				ALWAYS_SEARCH_USER_PATHS = NO;
				CLANG_CXX_LANGUAGE_STANDARD = "gnu++0x";
				CLANG_CXX_LIBRARY = "libc++";
				CLANG_ENABLE_MODULES = YES;
				CLANG_ENABLE_OBJC_ARC = YES;
				CLANG_WARN_BOOL_CONVERSION = YES;
				CLANG_WARN_CONSTANT_CONVERSION = YES;
				CLANG_WARN_DIRECT_OBJC_ISA_USAGE = YES_ERROR;
				CLANG_WARN_EMPTY_BODY = YES;
				CLANG_WARN_ENUM_CONVERSION = YES;
				CLANG_WARN_INT_CONVERSION = YES;
				CLANG_WARN_OBJC_ROOT_CLASS = YES_ERROR;
				CLANG_WARN_UNREACHABLE_CODE = YES;
				CLANG_WARN__DUPLICATE_METHOD_MATCH = YES;
				"CODE_SIGN_IDENTITY[sdk=iphoneos*]" = "iPhone Developer";
				COPY_PHASE_STRIP = NO;
				DEBUG_INFORMATION_FORMAT = "dwarf-with-dsym";
				ENABLE_NS_ASSERTIONS = NO;
				ENABLE_STRICT_OBJC_MSGSEND = YES;
				GCC_C_LANGUAGE_STANDARD = gnu99;
				GCC_NO_COMMON_BLOCKS = YES;
				GCC_WARN_64_TO_32_BIT_CONVERSION = YES;
				GCC_WARN_ABOUT_RETURN_TYPE = YES_ERROR;
				GCC_WARN_UNDECLARED_SELECTOR = YES;
				GCC_WARN_UNINITIALIZED_AUTOS = YES_AGGRESSIVE;
				GCC_WARN_UNUSED_FUNCTION = YES;
				GCC_WARN_UNUSED_VARIABLE = YES;
				IPHONEOS_DEPLOYMENT_TARGET = 9.0;
				MTL_ENABLE_DEBUG_INFO = NO;
				SDKROOT = iphoneos;
				VALIDATE_PRODUCT = YES;
			};
			name = Release;
		};
		4261F64C1BD819C300F98C3A /* Debug */ = {
			isa = XCBuildConfiguration;
			buildSettings = {
				ASSETCATALOG_COMPILER_APPICON_NAME = AppIcon;
				INFOPLIST_FILE = SuperCool/Info.plist;
				LD_RUNPATH_SEARCH_PATHS = "$(inherited) @executable_path/Frameworks";
				PRODUCT_BUNDLE_IDENTIFIER = com.supercool.SuperCool;
				PRODUCT_NAME = "$(TARGET_NAME)";
			};
			name = Debug;
		};
		4261F64D1BD819C300F98C3A /* Release */ = {
			isa = XCBuildConfiguration;
			buildSettings = {
				ASSETCATALOG_COMPILER_APPICON_NAME = AppIcon;
				INFOPLIST_FILE = SuperCool/Info.plist;
				LD_RUNPATH_SEARCH_PATHS = "$(inherited) @executable_path/Frameworks";
				PRODUCT_BUNDLE_IDENTIFIER = com.supercool.SuperCool;
				PRODUCT_NAME = "$(TARGET_NAME)";
			};
			name = Release;
		};
		4261F64F1BD819C300F98C3A /* Debug */ = {
			isa = XCBuildConfiguration;
			buildSettings = {
				BUNDLE_LOADER = "$(TEST_HOST)";
				INFOPLIST_FILE = SuperCoolTests/Info.plist;
				LD_RUNPATH_SEARCH_PATHS = "$(inherited) @executable_path/Frameworks @loader_path/Frameworks";
				PRODUCT_BUNDLE_IDENTIFIER = com.supercool.SuperCoolTests;
				PRODUCT_NAME = "$(TARGET_NAME)";
				TEST_HOST = "$(BUILT_PRODUCTS_DIR)/SuperCool.app/SuperCool";
			};
			name = Debug;
		};
		4261F6501BD819C300F98C3A /* Release */ = {
			isa = XCBuildConfiguration;
			buildSettings = {
				BUNDLE_LOADER = "$(TEST_HOST)";
				INFOPLIST_FILE = SuperCoolTests/Info.plist;
				LD_RUNPATH_SEARCH_PATHS = "$(inherited) @executable_path/Frameworks @loader_path/Frameworks";
				PRODUCT_BUNDLE_IDENTIFIER = com.supercool.SuperCoolTests;
				PRODUCT_NAME = "$(TARGET_NAME)";
				TEST_HOST = "$(BUILT_PRODUCTS_DIR)/SuperCool.app/SuperCool";
			};
			name = Release;
		};
		4261F6521BD819C300F98C3A /* Debug */ = {
			isa = XCBuildConfiguration;
			buildSettings = {
				INFOPLIST_FILE = SuperCoolUITests/Info.plist;
				LD_RUNPATH_SEARCH_PATHS = "$(inherited) @executable_path/Frameworks @loader_path/Frameworks";
				PRODUCT_BUNDLE_IDENTIFIER = com.supercool.SuperCoolUITests;
				PRODUCT_NAME = "$(TARGET_NAME)";
				TEST_TARGET_NAME = SuperCool;
				USES_XCTRUNNER = YES;
			};
			name = Debug;
		};
		4261F6531BD819C300F98C3A /* Release */ = {
			isa = XCBuildConfiguration;
			buildSettings = {
				INFOPLIST_FILE = SuperCoolUITests/Info.plist;
				LD_RUNPATH_SEARCH_PATHS = "$(inherited) @executable_path/Frameworks @loader_path/Frameworks";
				PRODUCT_BUNDLE_IDENTIFIER = com.supercool.SuperCoolUITests;
				PRODUCT_NAME = "$(TARGET_NAME)";
				TEST_TARGET_NAME = SuperCool;
				USES_XCTRUNNER = YES;
			};
			name = Release;
		};
/* End XCBuildConfiguration section */

/* Begin XCConfigurationList section */
		4261F61E1BD819C300F98C3A /* Build configuration list for PBXProject "SuperCool" */ = {
			isa = XCConfigurationList;
			buildConfigurations = (
				4261F6491BD819C300F98C3A /* Debug */,
				4261F64A1BD819C300F98C3A /* Release */,
			);
			defaultConfigurationIsVisible = 0;
			defaultConfigurationName = Release;
		};
		4261F64B1BD819C300F98C3A /* Build configuration list for PBXNativeTarget "SuperCool" */ = {
			isa = XCConfigurationList;
			buildConfigurations = (
				4261F64C1BD819C300F98C3A /* Debug */,
				4261F64D1BD819C300F98C3A /* Release */,
			);
			defaultConfigurationIsVisible = 0;
		};
		4261F64E1BD819C300F98C3A /* Build configuration list for PBXNativeTarget "SuperCoolTests" */ = {
			isa = XCConfigurationList;
			buildConfigurations = (
				4261F64F1BD819C300F98C3A /* Debug */,
				4261F6501BD819C300F98C3A /* Release */,
			);
			defaultConfigurationIsVisible = 0;
		};
		4261F6511BD819C300F98C3A /* Build configuration list for PBXNativeTarget "SuperCoolUITests" */ = {
			isa = XCConfigurationList;
			buildConfigurations = (
				4261F6521BD819C300F98C3A /* Debug */,
				4261F6531BD819C300F98C3A /* Release */,
			);
			defaultConfigurationIsVisible = 0;
		};
/* End XCConfigurationList section */
	};
	rootObject = 4261F61B1BD819C300F98C3A /* Project object */;
}
